{
  "name": "chap01",
  "lockfileVersion": 2,
  "requires": true,
  "packages": {
    "": {
      "dependencies": {
        "three": "^0.142.0",
        "three-gltf-loader": "^1.111.0"
      }
    },
    "node_modules/three": {
      "version": "0.142.0",
      "resolved": "https://registry.npmjs.org/three/-/three-0.142.0.tgz",
      "integrity": "sha512-ESjPO+3geFr+ZUfVMpMnF/eVU2uJPOh0e2ZpMFqjNca1wApS9lJb7E4MjwGIczgt9iuKd8PEm6Pfgp2bJ92Xtg=="
    },
    "node_modules/three-gltf-loader": {
      "version": "1.111.0",
      "resolved": "https://registry.npmjs.org/three-gltf-loader/-/three-gltf-loader-1.111.0.tgz",
      "integrity": "sha512-f2d6J5sMEC+dvRcpRjE8g9vqtvpNfnR7bgd+R7Y0dj2mmHwKN5luKe/WYA0Z9+j7mhjla/AC5DGxdXsu8wFhug==",
      "deprecated": "Starting with three.js r103, GLTFLoader is included in the three package itself and installing three-gltf-loader is no longer necessary. It can be imported from 'three/examples/jsm/loaders/GLTFLoader'",
      "peerDependencies": {
        "three": ">=0.111.0"
      }
    }
  },
  "dependencies": {
    "three": {
      "version": "0.142.0",
      "resolved": "https://registry.npmjs.org/three/-/three-0.142.0.tgz",
      "integrity": "sha512-ESjPO+3geFr+ZUfVMpMnF/eVU2uJPOh0e2ZpMFqjNca1wApS9lJb7E4MjwGIczgt9iuKd8PEm6Pfgp2bJ92Xtg=="
    },
    "three-gltf-loader": {
      "version": "1.111.0",
      "resolved": "https://registry.npmjs.org/three-gltf-loader/-/three-gltf-loader-1.111.0.tgz",
      "integrity": "sha512-f2d6J5sMEC+dvRcpRjE8g9vqtvpNfnR7bgd+R7Y0dj2mmHwKN5luKe/WYA0Z9+j7mhjla/AC5DGxdXsu8wFhug==",
      "requires": {}
    }
  }
}
